
Microsoft Visual Studio Solution File, Format Version 12.00
# Visual Studio 2013
Project("{FAE04EC0-301F-11D3-BF4B-00C04F79EFBC}") = "UnityVS.TestXL.CSharp.Editor", "UnityVS.TestXL.CSharp.Editor.csproj", "{D0CBFD2F-7F7C-D50F-E5EB-666738D8BFF1}"
EndProject
Project("{FAE04EC0-301F-11D3-BF4B-00C04F79EFBC}") = "UnityVS.TestXL.CSharp", "UnityVS.TestXL.CSharp.csproj", "{379061B8-E102-2F19-B9D5-C5D363C33DF9}"
EndProject
Global
	GlobalSection(SolutionConfigurationPlatforms) = preSolution
		Debug|Any CPU = Debug|Any CPU
		Release|Any CPU = Release|Any CPU
	EndGlobalSection
	GlobalSection(ProjectConfigurationPlatforms) = postSolution
		{D0CBFD2F-7F7C-D50F-E5EB-666738D8BFF1}.Debug|Any CPU.ActiveCfg = Debug|Any CPU
		{D0CBFD2F-7F7C-D50F-E5EB-666738D8BFF1}.Debug|Any CPU.Build.0 = Debug|Any CPU
		{D0CBFD2F-7F7C-D50F-E5EB-666738D8BFF1}.Release|Any CPU.ActiveCfg = Release|Any CPU
		{D0CBFD2F-7F7C-D50F-E5EB-666738D8BFF1}.Release|Any CPU.Build.0 = Release|Any CPU
		{379061B8-E102-2F19-B9D5-C5D363C33DF9}.Debug|Any CPU.ActiveCfg = Debug|Any CPU
		{379061B8-E102-2F19-B9D5-C5D363C33DF9}.Debug|Any CPU.Build.0 = Debug|Any CPU
		{379061B8-E102-2F19-B9D5-C5D363C33DF9}.Release|Any CPU.ActiveCfg = Release|Any CPU
		{379061B8-E102-2F19-B9D5-C5D363C33DF9}.Release|Any CPU.Build.0 = Release|Any CPU
	EndGlobalSection
	GlobalSection(SolutionProperties) = preSolution
		HideSolutionNode = FALSE
	EndGlobalSection
EndGlobal
